{
  "nodes": {
    "crane": {
      "locked": {
        "lastModified": 1773115265,
        "narHash": "sha256-5fDkKTYEgue2klksd52WvcXfZdY1EIlbk0QggAwpFog=",
        "owner": "ipetkov",
        "repo": "crane",
        "rev": "27711550d109bf6236478dc9f53b9e29c1a374c5",
        "type": "github"
      },
      "original": {
        "owner": "ipetkov",
        "repo": "crane",
        "type": "github"
      }
    },
    "fenix": {
      "inputs": {
        "nixpkgs": [
          "nixpkgs"
        ],
        "rust-analyzer-src": []
      },
      "locked": {
        "lastModified": 1773040819,
        "narHash": "sha256-9sFursJ9PJoYQFyARzQEKcv5D5SaGU3xJtZDSqEMtek=",
        "owner": "nix-community",
        "repo": "fenix",
        "rev": "6ed2afab20d32920f0984e619ff5f58b2b5d2948",
        "type": "github"
      },
      "original": {
        "owner": "nix-community",
        "repo": "fenix",
        "type": "github"
      }
    },
    "flake-utils": {
      "inputs": {
        "systems": "systems"
      },
      "locked": {
        "lastModified": 1731533236,
        "narHash": "sha256-l0KFg5HjrsfsO/JpG+r7fRrqm12kzFHyUHqHCVpMMbI=",
        "owner": "numtide",
        "repo": "flake-utils",
        "rev": "11707dc2f618dd54ca8739b309ec4fc024de578b",
        "type": "github"
      },
      "original": {
        "owner": "numtide",
        "repo": "flake-utils",
        "type": "github"
      }
    },
    "nixpkgs": {
      "locked": {
        "lastModified": 1773116380,
        "narHash": "sha256-1dxcHZ8LRUxJeAPIiFhaQxjNFNNrDxjfBxb9Pvx0/E0=",
        "owner": "NixOS",
        "repo": "nixpkgs",
        "rev": "f3a45b4564c37b5b753139c65540d70de312b3bc",
        "type": "github"
      },
      "original": {
        "owner": "NixOS",
        "repo": "nixpkgs",
        "type": "github"
      }
    },
    "root": {
      "inputs": {
        "crane": "crane",
        "fenix": "fenix",
        "flake-utils": "flake-utils",
        "nixpkgs": "nixpkgs"
      }
    },
    "systems": {
      "locked": {
        "lastModified": 1681028828,
        "narHash": "sha256-Vy1rq5AaRuLzOxct8nz4T6wlgyUR7zLU309k9mBC768=",
        "owner": "nix-systems",
        "repo": "default",
        "rev": "da67096a3b9bf56a91d16901293e51ba5b49a27e",
        "type": "github"
      },
      "original": {
        "owner": "nix-systems",
        "repo": "default",
        "type": "github"
      }
    }
  },
  "root": "root",
  "version": 7
}
